
Microsoft Visual Studio Solution File, Format Version 12.00
# Visual Studio Version 17
VisualStudioVersion = 17.9.34723.18
MinimumVisualStudioVersion = 10.0.40219.1
Project("{9A19103F-16F7-4668-BE54-9A1E7A4F7556}") = "BfTestAssignment", "BfTestAssignment\BfTestAssignment.csproj", "{77F7FF10-D273-4F7C-8884-867DB026CC32}"
EndProject
Project("{9A19103F-16F7-4668-BE54-9A1E7A4F7556}") = "Tests", "Tests\Tests.csproj", "{51BC8A61-9259-487F-8149-0CC492834B03}"
EndProject
Global
	GlobalSection(SolutionConfigurationPlatforms) = preSolution
		Debug|Any CPU = Debug|Any CPU
		Release|Any CPU = Release|Any CPU
	EndGlobalSection
	GlobalSection(ProjectConfigurationPlatforms) = postSolution
		{77F7FF10-D273-4F7C-8884-867DB026CC32}.Debug|Any CPU.ActiveCfg = Debug|Any CPU
		{77F7FF10-D273-4F7C-8884-867DB026CC32}.Debug|Any CPU.Build.0 = Debug|Any CPU
		{77F7FF10-D273-4F7C-8884-867DB026CC32}.Release|Any CPU.ActiveCfg = Release|Any CPU
		{77F7FF10-D273-4F7C-8884-867DB026CC32}.Release|Any CPU.Build.0 = Release|Any CPU
		{51BC8A61-9259-487F-8149-0CC492834B03}.Debug|Any CPU.ActiveCfg = Debug|Any CPU
		{51BC8A61-9259-487F-8149-0CC492834B03}.Debug|Any CPU.Build.0 = Debug|Any CPU
		{51BC8A61-9259-487F-8149-0CC492834B03}.Release|Any CPU.ActiveCfg = Release|Any CPU
		{51BC8A61-9259-487F-8149-0CC492834B03}.Release|Any CPU.Build.0 = Release|Any CPU
	EndGlobalSection
	GlobalSection(SolutionProperties) = preSolution
		HideSolutionNode = FALSE
	EndGlobalSection
	GlobalSection(ExtensibilityGlobals) = postSolution
		SolutionGuid = {4E260E42-4C2E-438E-91A0-74902C35550E}
	EndGlobalSection
EndGlobal
